// !$*UTF8*$!
{
	archiveVersion = 1;
	classes = {
	};
	objectVersion = 48;
	objects = {

/* Begin PBXBuildFile section */
		659026031FC34D9F002E28AF /* AppDelegate.swift in Sources */ = {isa = PBXBuildFile; fileRef = 659026021FC34D9F002E28AF /* AppDelegate.swift */; };
		659026051FC34D9F002E28AF /* CategoryViewController.swift in Sources */ = {isa = PBXBuildFile; fileRef = 659026041FC34D9F002E28AF /* CategoryViewController.swift */; };
		659026081FC34D9F002E28AF /* Main.storyboard in Resources */ = {isa = PBXBuildFile; fileRef = 659026061FC34D9F002E28AF /* Main.storyboard */; };
		6590260A1FC34D9F002E28AF /* Assets.xcassets in Resources */ = {isa = PBXBuildFile; fileRef = 659026091FC34D9F002E28AF /* Assets.xcassets */; };
		6590260D1FC34D9F002E28AF /* LaunchScreen.storyboard in Resources */ = {isa = PBXBuildFile; fileRef = 6590260B1FC34D9F002E28AF /* LaunchScreen.storyboard */; };
		659026181FC353C7002E28AF /* CategoryCell.swift in Sources */ = {isa = PBXBuildFile; fileRef = 659026171FC353C7002E28AF /* CategoryCell.swift */; };
		6590261A1FC3556D002E28AF /* Category.swift in Sources */ = {isa = PBXBuildFile; fileRef = 659026191FC3556D002E28AF /* Category.swift */; };
		6590261D1FC356FA002E28AF /* DataService.swift in Sources */ = {isa = PBXBuildFile; fileRef = 6590261C1FC356FA002E28AF /* DataService.swift */; };
/* End PBXBuildFile section */

/* Begin PBXFileReference section */
		659025FF1FC34D9F002E28AF /* codershop.app */ = {isa = PBXFileReference; explicitFileType = wrapper.application; includeInIndex = 0; path = codershop.app; sourceTree = BUILT_PRODUCTS_DIR; };
		659026021FC34D9F002E28AF /* AppDelegate.swift */ = {isa = PBXFileReference; lastKnownFileType = sourcecode.swift; path = AppDelegate.swift; sourceTree = "<group>"; };
		659026041FC34D9F002E28AF /* CategoryViewController.swift */ = {isa = PBXFileReference; lastKnownFileType = sourcecode.swift; path = CategoryViewController.swift; sourceTree = "<group>"; };
		659026071FC34D9F002E28AF /* Base */ = {isa = PBXFileReference; lastKnownFileType = file.storyboard; name = Base; path = Base.lproj/Main.storyboard; sourceTree = "<group>"; };
		659026091FC34D9F002E28AF /* Assets.xcassets */ = {isa = PBXFileReference; lastKnownFileType = folder.assetcatalog; path = Assets.xcassets; sourceTree = "<group>"; };
		6590260C1FC34D9F002E28AF /* Base */ = {isa = PBXFileReference; lastKnownFileType = file.storyboard; name = Base; path = Base.lproj/LaunchScreen.storyboard; sourceTree = "<group>"; };
		6590260E1FC34D9F002E28AF /* Info.plist */ = {isa = PBXFileReference; lastKnownFileType = text.plist.xml; path = Info.plist; sourceTree = "<group>"; };
		659026171FC353C7002E28AF /* CategoryCell.swift */ = {isa = PBXFileReference; lastKnownFileType = sourcecode.swift; path = CategoryCell.swift; sourceTree = "<group>"; };
		659026191FC3556D002E28AF /* Category.swift */ = {isa = PBXFileReference; lastKnownFileType = sourcecode.swift; path = Category.swift; sourceTree = "<group>"; };
		6590261C1FC356FA002E28AF /* DataService.swift */ = {isa = PBXFileReference; lastKnownFileType = sourcecode.swift; path = DataService.swift; sourceTree = "<group>"; };
/* End PBXFileReference section */

/* Begin PBXFrameworksBuildPhase section */
		659025FC1FC34D9F002E28AF /* Frameworks */ = {
			isa = PBXFrameworksBuildPhase;
			buildActionMask = 2147483647;
			files = (
			);
			runOnlyForDeploymentPostprocessing = 0;
		};
/* End PBXFrameworksBuildPhase section */

/* Begin PBXGroup section */
		659025F61FC34D9F002E28AF = {
			isa = PBXGroup;
			children = (
				659026011FC34D9F002E28AF /* codershop */,
				659026001FC34D9F002E28AF /* Products */,
			);
			sourceTree = "<group>";
		};
		659026001FC34D9F002E28AF /* Products */ = {
			isa = PBXGroup;
			children = (
				659025FF1FC34D9F002E28AF /* codershop.app */,
			);
			name = Products;
			sourceTree = "<group>";
		};
		659026011FC34D9F002E28AF /* codershop */ = {
			isa = PBXGroup;
			children = (
				6590261B1FC356EB002E28AF /* Service */,
				659026161FC3535D002E28AF /* View */,
				659026151FC35357002E28AF /* Model */,
				659026141FC35350002E28AF /* Controller */,
				659026021FC34D9F002E28AF /* AppDelegate.swift */,
				659026061FC34D9F002E28AF /* Main.storyboard */,
				659026091FC34D9F002E28AF /* Assets.xcassets */,
				6590260B1FC34D9F002E28AF /* LaunchScreen.storyboard */,
				6590260E1FC34D9F002E28AF /* Info.plist */,
			);
			path = codershop;
			sourceTree = "<group>";
		};
		659026141FC35350002E28AF /* Controller */ = {
			isa = PBXGroup;
			children = (
				659026041FC34D9F002E28AF /* CategoryViewController.swift */,
			);
			path = Controller;
			sourceTree = "<group>";
		};
		659026151FC35357002E28AF /* Model */ = {
			isa = PBXGroup;
			children = (
				659026191FC3556D002E28AF /* Category.swift */,
			);
			path = Model;
			sourceTree = "<group>";
		};
		659026161FC3535D002E28AF /* View */ = {
			isa = PBXGroup;
			children = (
				659026171FC353C7002E28AF /* CategoryCell.swift */,
			);
			path = View;
			sourceTree = "<group>";
		};
		6590261B1FC356EB002E28AF /* Service */ = {
			isa = PBXGroup;
			children = (
				6590261C1FC356FA002E28AF /* DataService.swift */,
			);
			path = Service;
			sourceTree = "<group>";
		};
/* End PBXGroup section */

/* Begin PBXNativeTarget section */
		659025FE1FC34D9F002E28AF /* codershop */ = {
			isa = PBXNativeTarget;
			buildConfigurationList = 659026111FC34D9F002E28AF /* Build configuration list for PBXNativeTarget "codershop" */;
			buildPhases = (
				659025FB1FC34D9F002E28AF /* Sources */,
				659025FC1FC34D9F002E28AF /* Frameworks */,
				659025FD1FC34D9F002E28AF /* Resources */,
			);
			buildRules = (
			);
			dependencies = (
			);
			name = codershop;
			productName = codershop;
			productReference = 659025FF1FC34D9F002E28AF /* codershop.app */;
			productType = "com.apple.product-type.application";
		};
/* End PBXNativeTarget section */

/* Begin PBXProject section */
		659025F71FC34D9F002E28AF /* Project object */ = {
			isa = PBXProject;
			attributes = {
				LastSwiftUpdateCheck = 0910;
				LastUpgradeCheck = 0910;
				ORGANIZATIONNAME = "Joonas Laaksoviita";
				TargetAttributes = {
					659025FE1FC34D9F002E28AF = {
						CreatedOnToolsVersion = 9.1;
						ProvisioningStyle = Automatic;
					};
				};
			};
			buildConfigurationList = 659025FA1FC34D9F002E28AF /* Build configuration list for PBXProject "codershop" */;
			compatibilityVersion = "Xcode 8.0";
			developmentRegion = en;
			hasScannedForEncodings = 0;
			knownRegions = (
				en,
				Base,
			);
			mainGroup = 659025F61FC34D9F002E28AF;
			productRefGroup = 659026001FC34D9F002E28AF /* Products */;
			projectDirPath = "";
			projectRoot = "";
			targets = (
				659025FE1FC34D9F002E28AF /* codershop */,
			);
		};
/* End PBXProject section */

/* Begin PBXResourcesBuildPhase section */
		659025FD1FC34D9F002E28AF /* Resources */ = {
			isa = PBXResourcesBuildPhase;
			buildActionMask = 2147483647;
			files = (
				6590260D1FC34D9F002E28AF /* LaunchScreen.storyboard in Resources */,
				6590260A1FC34D9F002E28AF /* Assets.xcassets in Resources */,
				659026081FC34D9F002E28AF /* Main.storyboard in Resources */,
			);
			runOnlyForDeploymentPostprocessing = 0;
		};
/* End PBXResourcesBuildPhase section */

/* Begin PBXSourcesBuildPhase section */
		659025FB1FC34D9F002E28AF /* Sources */ = {
			isa = PBXSourcesBuildPhase;
			buildActionMask = 2147483647;
			files = (
				659026051FC34D9F002E28AF /* CategoryViewController.swift in Sources */,
				659026031FC34D9F002E28AF /* AppDelegate.swift in Sources */,
				659026181FC353C7002E28AF /* CategoryCell.swift in Sources */,
				6590261A1FC3556D002E28AF /* Category.swift in Sources */,
				6590261D1FC356FA002E28AF /* DataService.swift in Sources */,
			);
			runOnlyForDeploymentPostprocessing = 0;
		};
/* End PBXSourcesBuildPhase section */

/* Begin PBXVariantGroup section */
		659026061FC34D9F002E28AF /* Main.storyboard */ = {
			isa = PBXVariantGroup;
			children = (
				659026071FC34D9F002E28AF /* Base */,
			);
			name = Main.storyboard;
			sourceTree = "<group>";
		};
		6590260B1FC34D9F002E28AF /* LaunchScreen.storyboard */ = {
			isa = PBXVariantGroup;
			children = (
				6590260C1FC34D9F002E28AF /* Base */,
			);
			name = LaunchScreen.storyboard;
			sourceTree = "<group>";
		};
/* End PBXVariantGroup section */

/* Begin XCBuildConfiguration section */
		6590260F1FC34D9F002E28AF /* Debug */ = {
			isa = XCBuildConfiguration;
			buildSettings = {
				ALWAYS_SEARCH_USER_PATHS = NO;
				CLANG_ANALYZER_NONNULL = YES;
				CLANG_ANALYZER_NUMBER_OBJECT_CONVERSION = YES_AGGRESSIVE;
				CLANG_CXX_LANGUAGE_STANDARD = "gnu++14";
				CLANG_CXX_LIBRARY = "libc++";
				CLANG_ENABLE_MODULES = YES;
				CLANG_ENABLE_OBJC_ARC = YES;
				CLANG_WARN_BLOCK_CAPTURE_AUTORELEASING = YES;
				CLANG_WARN_BOOL_CONVERSION = YES;
				CLANG_WARN_COMMA = YES;
				CLANG_WARN_CONSTANT_CONVERSION = YES;
				CLANG_WARN_DIRECT_OBJC_ISA_USAGE = YES_ERROR;
				CLANG_WARN_DOCUMENTATION_COMMENTS = YES;
				CLANG_WARN_EMPTY_BODY = YES;
				CLANG_WARN_ENUM_CONVERSION = YES;
				CLANG_WARN_INFINITE_RECURSION = YES;
				CLANG_WARN_INT_CONVERSION = YES;
				CLANG_WARN_NON_LITERAL_NULL_CONVERSION = YES;
				CLANG_WARN_OBJC_LITERAL_CONVERSION = YES;
				CLANG_WARN_OBJC_ROOT_CLASS = YES_ERROR;
				CLANG_WARN_RANGE_LOOP_ANALYSIS = YES;
				CLANG_WARN_STRICT_PROTOTYPES = YES;
				CLANG_WARN_SUSPICIOUS_MOVE = YES;
				CLANG_WARN_UNGUARDED_AVAILABILITY = YES_AGGRESSIVE;
				CLANG_WARN_UNREACHABLE_CODE = YES;
				CLANG_WARN__DUPLICATE_METHOD_MATCH = YES;
				CODE_SIGN_IDENTITY = "iPhone Developer";
				COPY_PHASE_STRIP = NO;
				DEBUG_INFORMATION_FORMAT = dwarf;
				ENABLE_STRICT_OBJC_MSGSEND = YES;
				ENABLE_TESTABILITY = YES;
				GCC_C_LANGUAGE_STANDARD = gnu11;
				GCC_DYNAMIC_NO_PIC = NO;
				GCC_NO_COMMON_BLOCKS = YES;
				GCC_OPTIMIZATION_LEVEL = 0;
				GCC_PREPROCESSOR_DEFINITIONS = (
					"DEBUG=1",
					"$(inherited)",
				);
				GCC_WARN_64_TO_32_BIT_CONVERSION = YES;
				GCC_WARN_ABOUT_RETURN_TYPE = YES_ERROR;
				GCC_WARN_UNDECLARED_SELECTOR = YES;
				GCC_WARN_UNINITIALIZED_AUTOS = YES_AGGRESSIVE;
				GCC_WARN_UNUSED_FUNCTION = YES;
				GCC_WARN_UNUSED_VARIABLE = YES;
				IPHONEOS_DEPLOYMENT_TARGET = 11.1;
				MTL_ENABLE_DEBUG_INFO = YES;
				ONLY_ACTIVE_ARCH = YES;
				SDKROOT = iphoneos;
				SWIFT_ACTIVE_COMPILATION_CONDITIONS = DEBUG;
				SWIFT_OPTIMIZATION_LEVEL = "-Onone";
			};
			name = Debug;
		};
		659026101FC34D9F002E28AF /* Release */ = {
			isa = XCBuildConfiguration;
			buildSettings = {
				ALWAYS_SEARCH_USER_PATHS = NO;
				CLANG_ANALYZER_NONNULL = YES;
				CLANG_ANALYZER_NUMBER_OBJECT_CONVERSION = YES_AGGRESSIVE;
				CLANG_CXX_LANGUAGE_STANDARD = "gnu++14";
				CLANG_CXX_LIBRARY = "libc++";
				CLANG_ENABLE_MODULES = YES;
				CLANG_ENABLE_OBJC_ARC = YES;
				CLANG_WARN_BLOCK_CAPTURE_AUTORELEASING = YES;
				CLANG_WARN_BOOL_CONVERSION = YES;
				CLANG_WARN_COMMA = YES;
				CLANG_WARN_CONSTANT_CONVERSION = YES;
				CLANG_WARN_DIRECT_OBJC_ISA_USAGE = YES_ERROR;
				CLANG_WARN_DOCUMENTATION_COMMENTS = YES;
				CLANG_WARN_EMPTY_BODY = YES;
				CLANG_WARN_ENUM_CONVERSION = YES;
				CLANG_WARN_INFINITE_RECURSION = YES;
				CLANG_WARN_INT_CONVERSION = YES;
				CLANG_WARN_NON_LITERAL_NULL_CONVERSION = YES;
				CLANG_WARN_OBJC_LITERAL_CONVERSION = YES;
				CLANG_WARN_OBJC_ROOT_CLASS = YES_ERROR;
				CLANG_WARN_RANGE_LOOP_ANALYSIS = YES;
				CLANG_WARN_STRICT_PROTOTYPES = YES;
				CLANG_WARN_SUSPICIOUS_MOVE = YES;
				CLANG_WARN_UNGUARDED_AVAILABILITY = YES_AGGRESSIVE;
				CLANG_WARN_UNREACHABLE_CODE = YES;
				CLANG_WARN__DUPLICATE_METHOD_MATCH = YES;
				CODE_SIGN_IDENTITY = "iPhone Developer";
				COPY_PHASE_STRIP = NO;
				DEBUG_INFORMATION_FORMAT = "dwarf-with-dsym";
				ENABLE_NS_ASSERTIONS = NO;
				ENABLE_STRICT_OBJC_MSGSEND = YES;
				GCC_C_LANGUAGE_STANDARD = gnu11;
				GCC_NO_COMMON_BLOCKS = YES;
				GCC_WARN_64_TO_32_BIT_CONVERSION = YES;
				GCC_WARN_ABOUT_RETURN_TYPE = YES_ERROR;
				GCC_WARN_UNDECLARED_SELECTOR = YES;
				GCC_WARN_UNINITIALIZED_AUTOS = YES_AGGRESSIVE;
				GCC_WARN_UNUSED_FUNCTION = YES;
				GCC_WARN_UNUSED_VARIABLE = YES;
				IPHONEOS_DEPLOYMENT_TARGET = 11.1;
				MTL_ENABLE_DEBUG_INFO = NO;
				SDKROOT = iphoneos;
				SWIFT_OPTIMIZATION_LEVEL = "-Owholemodule";
				VALIDATE_PRODUCT = YES;
			};
			name = Release;
		};
		659026121FC34D9F002E28AF /* Debug */ = {
			isa = XCBuildConfiguration;
			buildSettings = {
				ASSETCATALOG_COMPILER_APPICON_NAME = AppIcon;
				CODE_SIGN_STYLE = Automatic;
				DEVELOPMENT_TEAM = 9XDUVHG8G5;
				INFOPLIST_FILE = codershop/Info.plist;
				LD_RUNPATH_SEARCH_PATHS = "$(inherited) @executable_path/Frameworks";
				PRODUCT_BUNDLE_IDENTIFIER = fi.jlaaksov.codershop;
				PRODUCT_NAME = "$(TARGET_NAME)";
				SWIFT_VERSION = 4.0;
				TARGETED_DEVICE_FAMILY = "1,2";
			};
			name = Debug;
		};
		659026131FC34D9F002E28AF /* Release */ = {
			isa = XCBuildConfiguration;
			buildSettings = {
				ASSETCATALOG_COMPILER_APPICON_NAME = AppIcon;
				CODE_SIGN_STYLE = Automatic;
				DEVELOPMENT_TEAM = 9XDUVHG8G5;
				INFOPLIST_FILE = codershop/Info.plist;
				LD_RUNPATH_SEARCH_PATHS = "$(inherited) @executable_path/Frameworks";
				PRODUCT_BUNDLE_IDENTIFIER = fi.jlaaksov.codershop;
				PRODUCT_NAME = "$(TARGET_NAME)";
				SWIFT_VERSION = 4.0;
				TARGETED_DEVICE_FAMILY = "1,2";
			};
			name = Release;
		};
/* End XCBuildConfiguration section */

/* Begin XCConfigurationList section */
		659025FA1FC34D9F002E28AF /* Build configuration list for PBXProject "codershop" */ = {
			isa = XCConfigurationList;
			buildConfigurations = (
				6590260F1FC34D9F002E28AF /* Debug */,
				659026101FC34D9F002E28AF /* Release */,
			);
			defaultConfigurationIsVisible = 0;
			defaultConfigurationName = Release;
		};
		659026111FC34D9F002E28AF /* Build configuration list for PBXNativeTarget "codershop" */ = {
			isa = XCConfigurationList;
			buildConfigurations = (
				659026121FC34D9F002E28AF /* Debug */,
				659026131FC34D9F002E28AF /* Release */,
			);
			defaultConfigurationIsVisible = 0;
			defaultConfigurationName = Release;
		};
/* End XCConfigurationList section */
	};
	rootObject = 659025F71FC34D9F002E28AF /* Project object */;
}
